{
  "name": "add-special-ability",
  "version": "1.0.0",
  "lockfileVersion": 3,
  "requires": true,
  "packages": {
    "": {
      "name": "add-special-ability",
      "version": "1.0.0",
      "dependencies": {
        "validator": "^13.15.15"
      },
      "devDependencies": {
        "@types/aws-lambda": "^8.10.145",
        "@types/node": "^22.9.0"
      }
    },
    "node_modules/@types/aws-lambda": {
      "version": "8.10.150",
      "dev": true,
      "license": "MIT"
    },
    "node_modules/@types/node": {
      "version": "22.15.32",
      "dev": true,
      "license": "MIT",
      "dependencies": {
        "undici-types": "~6.21.0"
      }
    },
    "node_modules/undici-types": {
      "version": "6.21.0",
      "dev": true,
      "license": "MIT"
    },
    "node_modules/validator": {
      "version": "13.15.15",
      "resolved": "https://registry.npmjs.org/validator/-/validator-13.15.15.tgz",
      "integrity": "sha512-BgWVbCI72aIQy937xbawcs+hrVaN/CZ2UwutgaJ36hGqRrLNM+f5LUT/YPRbo8IV/ASeFzXszezV+y2+rq3l8A==",
      "license": "MIT",
      "engines": {
        "node": ">= 0.10"
      }
    }
  }
}
