{
  "name": "configuration",
  "version": "1.0.0",
  "lockfileVersion": 3,
  "requires": true,
  "packages": {
    "": {
      "name": "configuration",
      "version": "1.0.0",
      "dependencies": {
        "configuration": "file:../configuration"
      }
    },
    "../configuration": {
      "version": "1.0.0"
    },
    "node_modules/configuration": {
      "resolved": "../configuration",
      "link": true
    }
  }
}
