{
  "name": "configuration",
  "version": "1.0.0",
  "lockfileVersion": 3,
  "requires": true,
  "packages": {
    "": {
      "name": "configuration",
      "version": "1.0.0",
      "dependencies": {
        "config": "file:../../build/config"
      }
    },
    "../../build/config": {},
    "../config": {
      "version": "1.0.0",
      "extraneous": true
    },
    "../configuration": {
      "version": "1.0.0",
      "extraneous": true
    },
    "node_modules/config": {
      "resolved": "../../build/config",
      "link": true
    }
  }
}
